
Microsoft Visual Studio Solution File, Format Version 12.00
Project("{FAE04EC0-301F-11D3-BF4B-00C04F79EFBC}") = "Employees.API", "Src\Presentation\Employees.API\Employees.API.csproj", "{24477719-1670-46AF-BB46-6FAE357F2B0F}"
EndProject
Project("{FAE04EC0-301F-11D3-BF4B-00C04F79EFBC}") = "Employees.Application", "Src\Core\Employees.Application\Employees.Application.csproj", "{55F87E04-3D62-4E8D-8DB9-C2FC58117570}"
EndProject
Project("{2150E333-8FDC-42A3-9474-1A3956D46DE8}") = "Tests", "Tests", "{468CA42D-F322-4FA9-AAF3-AF002FA085F8}"
EndProject
Project("{2150E333-8FDC-42A3-9474-1A3956D46DE8}") = "Src", "Src", "{09EE4FDF-1EED-4B90-BD9E-024E6DB6E3D3}"
EndProject
Project("{2150E333-8FDC-42A3-9474-1A3956D46DE8}") = "Presentation", "Presentation", "{9483B814-44E3-487A-9B45-70504AE17C76}"
EndProject
Project("{2150E333-8FDC-42A3-9474-1A3956D46DE8}") = "Core", "Core", "{7883B956-B9C1-4AEE-81AA-97F1DFA5D988}"
EndProject
Project("{2150E333-8FDC-42A3-9474-1A3956D46DE8}") = "Infrastructure", "Infrastructure", "{1DF5E4D0-9DB9-4874-B4CD-58D6C0386C7B}"
EndProject
Project("{FAE04EC0-301F-11D3-BF4B-00C04F79EFBC}") = "Employees.Infrastructure", "Src\Employees.Infrastructure\Employees.Infrastructure.csproj", "{E7A0BC5C-0B98-4FA0-BF2B-345993962E45}"
EndProject
Project("{FAE04EC0-301F-11D3-BF4B-00C04F79EFBC}") = "Employees.Domain", "Src\Core\Employees.Domain\Employees.Domain.csproj", "{5E24A5A2-2EE4-422A-9FA3-F0B07985FBE6}"
EndProject
Project("{FAE04EC0-301F-11D3-BF4B-00C04F79EFBC}") = "Application.UnitTests", "Tests\Application.UnitTests\Application.UnitTests.csproj", "{007200B1-25D5-410E-8AC8-B33CAC64DC41}"
EndProject
Global
	GlobalSection(SolutionConfigurationPlatforms) = preSolution
		Debug|Any CPU = Debug|Any CPU
		Release|Any CPU = Release|Any CPU
	EndGlobalSection
	GlobalSection(ProjectConfigurationPlatforms) = postSolution
		{24477719-1670-46AF-BB46-6FAE357F2B0F}.Debug|Any CPU.ActiveCfg = Debug|Any CPU
		{24477719-1670-46AF-BB46-6FAE357F2B0F}.Debug|Any CPU.Build.0 = Debug|Any CPU
		{24477719-1670-46AF-BB46-6FAE357F2B0F}.Release|Any CPU.ActiveCfg = Release|Any CPU
		{24477719-1670-46AF-BB46-6FAE357F2B0F}.Release|Any CPU.Build.0 = Release|Any CPU
		{55F87E04-3D62-4E8D-8DB9-C2FC58117570}.Debug|Any CPU.ActiveCfg = Debug|Any CPU
		{55F87E04-3D62-4E8D-8DB9-C2FC58117570}.Debug|Any CPU.Build.0 = Debug|Any CPU
		{55F87E04-3D62-4E8D-8DB9-C2FC58117570}.Release|Any CPU.ActiveCfg = Release|Any CPU
		{55F87E04-3D62-4E8D-8DB9-C2FC58117570}.Release|Any CPU.Build.0 = Release|Any CPU
		{E7A0BC5C-0B98-4FA0-BF2B-345993962E45}.Debug|Any CPU.ActiveCfg = Debug|Any CPU
		{E7A0BC5C-0B98-4FA0-BF2B-345993962E45}.Debug|Any CPU.Build.0 = Debug|Any CPU
		{E7A0BC5C-0B98-4FA0-BF2B-345993962E45}.Release|Any CPU.ActiveCfg = Release|Any CPU
		{E7A0BC5C-0B98-4FA0-BF2B-345993962E45}.Release|Any CPU.Build.0 = Release|Any CPU
		{5E24A5A2-2EE4-422A-9FA3-F0B07985FBE6}.Debug|Any CPU.ActiveCfg = Debug|Any CPU
		{5E24A5A2-2EE4-422A-9FA3-F0B07985FBE6}.Debug|Any CPU.Build.0 = Debug|Any CPU
		{5E24A5A2-2EE4-422A-9FA3-F0B07985FBE6}.Release|Any CPU.ActiveCfg = Release|Any CPU
		{5E24A5A2-2EE4-422A-9FA3-F0B07985FBE6}.Release|Any CPU.Build.0 = Release|Any CPU
		{007200B1-25D5-410E-8AC8-B33CAC64DC41}.Debug|Any CPU.ActiveCfg = Debug|Any CPU
		{007200B1-25D5-410E-8AC8-B33CAC64DC41}.Debug|Any CPU.Build.0 = Debug|Any CPU
		{007200B1-25D5-410E-8AC8-B33CAC64DC41}.Release|Any CPU.ActiveCfg = Release|Any CPU
		{007200B1-25D5-410E-8AC8-B33CAC64DC41}.Release|Any CPU.Build.0 = Release|Any CPU
	EndGlobalSection
	GlobalSection(NestedProjects) = preSolution
		{9483B814-44E3-487A-9B45-70504AE17C76} = {09EE4FDF-1EED-4B90-BD9E-024E6DB6E3D3}
		{24477719-1670-46AF-BB46-6FAE357F2B0F} = {9483B814-44E3-487A-9B45-70504AE17C76}
		{7883B956-B9C1-4AEE-81AA-97F1DFA5D988} = {09EE4FDF-1EED-4B90-BD9E-024E6DB6E3D3}
		{55F87E04-3D62-4E8D-8DB9-C2FC58117570} = {7883B956-B9C1-4AEE-81AA-97F1DFA5D988}
		{1DF5E4D0-9DB9-4874-B4CD-58D6C0386C7B} = {09EE4FDF-1EED-4B90-BD9E-024E6DB6E3D3}
		{E7A0BC5C-0B98-4FA0-BF2B-345993962E45} = {1DF5E4D0-9DB9-4874-B4CD-58D6C0386C7B}
		{5E24A5A2-2EE4-422A-9FA3-F0B07985FBE6} = {7883B956-B9C1-4AEE-81AA-97F1DFA5D988}
		{007200B1-25D5-410E-8AC8-B33CAC64DC41} = {468CA42D-F322-4FA9-AAF3-AF002FA085F8}
	EndGlobalSection
EndGlobal
